
Microsoft Visual Studio Solution File, Format Version 12.00
# Visual Studio 15
VisualStudioVersion = 15.0.33423.255
MinimumVisualStudioVersion = 10.0.40219.1
Project("{8BC9CEB8-8B4A-11D0-8D11-00A0C91BC942}") = "TA_Lab_2_3_2023", "TA_Lab_2_3_2023.vcxproj", "{C9130655-05A9-4844-B66E-EC3FF2D532A7}"
EndProject
Global
	GlobalSection(SolutionConfigurationPlatforms) = preSolution
		Debug|x64 = Debug|x64
		Debug|x86 = Debug|x86
		Release|x64 = Release|x64
		Release|x86 = Release|x86
	EndGlobalSection
	GlobalSection(ProjectConfigurationPlatforms) = postSolution
		{C9130655-05A9-4844-B66E-EC3FF2D532A7}.Debug|x64.ActiveCfg = Debug|x64
		{C9130655-05A9-4844-B66E-EC3FF2D532A7}.Debug|x64.Build.0 = Debug|x64
		{C9130655-05A9-4844-B66E-EC3FF2D532A7}.Debug|x86.ActiveCfg = Debug|Win32
		{C9130655-05A9-4844-B66E-EC3FF2D532A7}.Debug|x86.Build.0 = Debug|Win32
		{C9130655-05A9-4844-B66E-EC3FF2D532A7}.Release|x64.ActiveCfg = Release|x64
		{C9130655-05A9-4844-B66E-EC3FF2D532A7}.Release|x64.Build.0 = Release|x64
		{C9130655-05A9-4844-B66E-EC3FF2D532A7}.Release|x86.ActiveCfg = Release|Win32
		{C9130655-05A9-4844-B66E-EC3FF2D532A7}.Release|x86.Build.0 = Release|Win32
	EndGlobalSection
	GlobalSection(SolutionProperties) = preSolution
		HideSolutionNode = FALSE
	EndGlobalSection
	GlobalSection(ExtensibilityGlobals) = postSolution
		SolutionGuid = {207E7D55-2252-4F4C-A6DD-F6C97C26BD3E}
	EndGlobalSection
EndGlobal
